{
    "_readme": [
        "This file locks the dependencies of your project to a known state",
        "Read more about it at https://getcomposer.org/doc/01-basic-usage.md#installing-dependencies",
        "This file is @generated automatically"
    ],
    "content-hash": "28510dce6b1f0ee6d79446b16a68d836",
    "packages": [
        {
            "name": "dkrnl/simplexmlreader",
            "version": "1.1",
            "source": {
                "type": "git",
                "url": "https://github.com/dkrnl/SimpleXMLReader.git",
                "reference": "937ffa10ceda80ad51b071862462251169db3a9a"
            },
            "dist": {
                "type": "zip",
                "url": "https://api.github.com/repos/dkrnl/SimpleXMLReader/zipball/937ffa10ceda80ad51b071862462251169db3a9a",
                "reference": "937ffa10ceda80ad51b071862462251169db3a9a",
                "shasum": ""
            },
            "require": {
                "ext-dom": "*",
                "ext-xmlreader": "*",
                "lib-libxml": "*",
                "php": ">=5.3.0"
            },
            "type": "library",
            "autoload": {
                "files": [
                    "autoload.php"
                ]
            },
            "notification-url": "https://packagist.org/downloads/",
            "license": [
                "PDDL-1.0"
            ],
            "authors": [
                {
                    "name": "dkrnl",
                    "homepage": "http://dpyatkov.ru/"
                }
            ],
            "description": "Wrapper XMLReader class, for simple SAX-reading(and simple XPath-queries) of huge(testing over 1G file) xml.",
            "homepage": "https://github.com/dkrnl/SimpleXMLReader",
            "keywords": [
                "SimpleXML",
                "XMLReader",
                "iterator",
                "xml"
            ],
            "time": "2018-02-14T04:55:02+00:00"
        },
        {
            "name": "symfony/dotenv",
            "version": "v3.4.0",
            "source": {
                "type": "git",
                "url": "https://github.com/symfony/dotenv.git",
                "reference": "b6b1d1a58c974ddf3f49ab251dbe868f74a4f69a"
            },
            "dist": {
                "type": "zip",
                "url": "https://api.github.com/repos/symfony/dotenv/zipball/b6b1d1a58c974ddf3f49ab251dbe868f74a4f69a",
                "reference": "b6b1d1a58c974ddf3f49ab251dbe868f74a4f69a",
                "shasum": ""
            },
            "require": {
                "php": "^5.5.9|>=7.0.8"
            },
            "require-dev": {
                "symfony/process": "~3.2|~4.0"
            },
            "type": "library",
            "extra": {
                "branch-alias": {
                    "dev-master": "3.4-dev"
                }
            },
            "autoload": {
                "psr-4": {
                    "Symfony\\Component\\Dotenv\\": ""
                },
                "exclude-from-classmap": [
                    "/Tests/"
                ]
            },
            "notification-url": "https://packagist.org/downloads/",
            "license": [
                "MIT"
            ],
            "authors": [
                {
                    "name": "Fabien Potencier",
                    "email": "fabien@symfony.com"
                },
                {
                    "name": "Symfony Community",
                    "homepage": "https://symfony.com/contributors"
                }
            ],
            "description": "Registers environment variables from a .env file",
            "homepage": "https://symfony.com",
            "keywords": [
                "dotenv",
                "env",
                "environment"
            ],
            "time": "2017-11-30T14:59:23+00:00"
        }
    ],
    "packages-dev": [],
    "aliases": [],
    "minimum-stability": "stable",
    "stability-flags": [],
    "prefer-stable": false,
    "prefer-lowest": false,
    "platform": [],
    "platform-dev": []
}
